
Microsoft Visual Studio Solution File, Format Version 12.00
# Visual Studio Version 16
VisualStudioVersion = 16.0.29306.81
MinimumVisualStudioVersion = 10.0.40219.1
Project("{FAE04EC0-301F-11D3-BF4B-00C04F79EFBC}") = "DESKTOP", "Trabalho_Final\DESKTOP.csproj", "{5F277426-6573-4253-B5E3-534BB2490F30}"
EndProject
Project("{FAE04EC0-301F-11D3-BF4B-00C04F79EFBC}") = "CORE", "CORE\CORE.csproj", "{7D5B6B2D-096A-48DE-8BA6-FB2E76C244C2}"
EndProject
Global
	GlobalSection(SolutionConfigurationPlatforms) = preSolution
		Debug|Any CPU = Debug|Any CPU
		Release|Any CPU = Release|Any CPU
	EndGlobalSection
	GlobalSection(ProjectConfigurationPlatforms) = postSolution
		{5F277426-6573-4253-B5E3-534BB2490F30}.Debug|Any CPU.ActiveCfg = Debug|Any CPU
		{5F277426-6573-4253-B5E3-534BB2490F30}.Debug|Any CPU.Build.0 = Debug|Any CPU
		{5F277426-6573-4253-B5E3-534BB2490F30}.Release|Any CPU.ActiveCfg = Release|Any CPU
		{5F277426-6573-4253-B5E3-534BB2490F30}.Release|Any CPU.Build.0 = Release|Any CPU
		{7D5B6B2D-096A-48DE-8BA6-FB2E76C244C2}.Debug|Any CPU.ActiveCfg = Debug|Any CPU
		{7D5B6B2D-096A-48DE-8BA6-FB2E76C244C2}.Debug|Any CPU.Build.0 = Debug|Any CPU
		{7D5B6B2D-096A-48DE-8BA6-FB2E76C244C2}.Release|Any CPU.ActiveCfg = Release|Any CPU
		{7D5B6B2D-096A-48DE-8BA6-FB2E76C244C2}.Release|Any CPU.Build.0 = Release|Any CPU
	EndGlobalSection
	GlobalSection(SolutionProperties) = preSolution
		HideSolutionNode = FALSE
	EndGlobalSection
	GlobalSection(ExtensibilityGlobals) = postSolution
		SolutionGuid = {F40E29C6-713A-41F4-AEB3-4E44F9902BF9}
	EndGlobalSection
EndGlobal
